// !$*UTF8*$!
{
	archiveVersion = 1;
	classes = {
	};
	objectVersion = 46;
	objects = {

/* Begin PBXBuildFile section */
		FD5BD7891C0DE8B2006BF1E8 /* MyWebViewXIB.m in Sources */ = {isa = PBXBuildFile; fileRef = FD5BD7871C0DE8B2006BF1E8 /* MyWebViewXIB.m */; };
		FD5BD78A1C0DE8B2006BF1E8 /* MyWebViewXIB.xib in Resources */ = {isa = PBXBuildFile; fileRef = FD5BD7881C0DE8B2006BF1E8 /* MyWebViewXIB.xib */; };
		FD5BD78F1C0FDFFC006BF1E8 /* MyTimerXIB.m in Sources */ = {isa = PBXBuildFile; fileRef = FD5BD78D1C0FDFFC006BF1E8 /* MyTimerXIB.m */; };
		FD5BD7901C0FDFFC006BF1E8 /* MyTimerXIB.xib in Resources */ = {isa = PBXBuildFile; fileRef = FD5BD78E1C0FDFFC006BF1E8 /* MyTimerXIB.xib */; };
		FD7AC0831C042D9400F40C7C /* AFHTTPRequestOperation.m in Sources */ = {isa = PBXBuildFile; fileRef = FD7AC0711C042D9400F40C7C /* AFHTTPRequestOperation.m */; };
		FD7AC0841C042D9400F40C7C /* AFHTTPRequestOperationManager.m in Sources */ = {isa = PBXBuildFile; fileRef = FD7AC0731C042D9400F40C7C /* AFHTTPRequestOperationManager.m */; };
		FD7AC0851C042D9400F40C7C /* AFHTTPSessionManager.m in Sources */ = {isa = PBXBuildFile; fileRef = FD7AC0751C042D9400F40C7C /* AFHTTPSessionManager.m */; };
		FD7AC0861C042D9400F40C7C /* AFNetworkReachabilityManager.m in Sources */ = {isa = PBXBuildFile; fileRef = FD7AC0781C042D9400F40C7C /* AFNetworkReachabilityManager.m */; };
		FD7AC0871C042D9400F40C7C /* AFSecurityPolicy.m in Sources */ = {isa = PBXBuildFile; fileRef = FD7AC07A1C042D9400F40C7C /* AFSecurityPolicy.m */; };
		FD7AC0881C042D9400F40C7C /* AFURLConnectionOperation.m in Sources */ = {isa = PBXBuildFile; fileRef = FD7AC07C1C042D9400F40C7C /* AFURLConnectionOperation.m */; };
		FD7AC0891C042D9400F40C7C /* AFURLRequestSerialization.m in Sources */ = {isa = PBXBuildFile; fileRef = FD7AC07E1C042D9400F40C7C /* AFURLRequestSerialization.m */; };
		FD7AC08A1C042D9400F40C7C /* AFURLResponseSerialization.m in Sources */ = {isa = PBXBuildFile; fileRef = FD7AC0801C042D9400F40C7C /* AFURLResponseSerialization.m */; };
		FD7AC08B1C042D9400F40C7C /* AFURLSessionManager.m in Sources */ = {isa = PBXBuildFile; fileRef = FD7AC0821C042D9400F40C7C /* AFURLSessionManager.m */; };
		FD7AC08F1C042DDD00F40C7C /* AFNetworkingCtl.m in Sources */ = {isa = PBXBuildFile; fileRef = FD7AC08E1C042DDD00F40C7C /* AFNetworkingCtl.m */; };
		FD7AC0A31C04316600F40C7C /* AFNetworkActivityIndicatorManager.m in Sources */ = {isa = PBXBuildFile; fileRef = FD7AC0921C04316600F40C7C /* AFNetworkActivityIndicatorManager.m */; };
		FD7AC0A41C04316600F40C7C /* UIActivityIndicatorView+AFNetworking.m in Sources */ = {isa = PBXBuildFile; fileRef = FD7AC0941C04316600F40C7C /* UIActivityIndicatorView+AFNetworking.m */; };
		FD7AC0A51C04316600F40C7C /* UIAlertView+AFNetworking.m in Sources */ = {isa = PBXBuildFile; fileRef = FD7AC0961C04316600F40C7C /* UIAlertView+AFNetworking.m */; };
		FD7AC0A61C04316600F40C7C /* UIButton+AFNetworking.m in Sources */ = {isa = PBXBuildFile; fileRef = FD7AC0981C04316600F40C7C /* UIButton+AFNetworking.m */; };
		FD7AC0A71C04316600F40C7C /* UIImageView+AFNetworking.m in Sources */ = {isa = PBXBuildFile; fileRef = FD7AC09B1C04316600F40C7C /* UIImageView+AFNetworking.m */; };
		FD7AC0A81C04316600F40C7C /* UIProgressView+AFNetworking.m in Sources */ = {isa = PBXBuildFile; fileRef = FD7AC09E1C04316600F40C7C /* UIProgressView+AFNetworking.m */; };
		FD7AC0A91C04316600F40C7C /* UIRefreshControl+AFNetworking.m in Sources */ = {isa = PBXBuildFile; fileRef = FD7AC0A01C04316600F40C7C /* UIRefreshControl+AFNetworking.m */; };
		FD7AC0AA1C04316600F40C7C /* UIWebView+AFNetworking.m in Sources */ = {isa = PBXBuildFile; fileRef = FD7AC0A21C04316600F40C7C /* UIWebView+AFNetworking.m */; };
		FD7AC0B21C0D9CAD00F40C7C /* MyAnimationXIB.m in Sources */ = {isa = PBXBuildFile; fileRef = FD7AC0B01C0D9CAD00F40C7C /* MyAnimationXIB.m */; };
		FD7AC0B31C0D9CAD00F40C7C /* MyAnimationXIB.xib in Resources */ = {isa = PBXBuildFile; fileRef = FD7AC0B11C0D9CAD00F40C7C /* MyAnimationXIB.xib */; };
		FD7AC0B91C0DA59000F40C7C /* MyTransitionAnimXIB.m in Sources */ = {isa = PBXBuildFile; fileRef = FD7AC0B71C0DA59000F40C7C /* MyTransitionAnimXIB.m */; };
		FD7AC0BA1C0DA59000F40C7C /* MyTransitionAnimXIB.xib in Resources */ = {isa = PBXBuildFile; fileRef = FD7AC0B81C0DA59000F40C7C /* MyTransitionAnimXIB.xib */; };
		FD7AC0BF1C0DE03300F40C7C /* MyLayerXIB.m in Sources */ = {isa = PBXBuildFile; fileRef = FD7AC0BD1C0DE03300F40C7C /* MyLayerXIB.m */; };
		FD7AC0C01C0DE03300F40C7C /* MyLayerXIB.xib in Resources */ = {isa = PBXBuildFile; fileRef = FD7AC0BE1C0DE03300F40C7C /* MyLayerXIB.xib */; };
		FD7D68FE1BEA32230033CD82 /* SlidePageViewCtl.m in Sources */ = {isa = PBXBuildFile; fileRef = FD7D68FD1BEA32230033CD82 /* SlidePageViewCtl.m */; };
		FD7D69011BEAEE7C0033CD82 /* SlidePageView.m in Sources */ = {isa = PBXBuildFile; fileRef = FD7D69001BEAEE7C0033CD82 /* SlidePageView.m */; };
		FDA0C2501BE322280000CCC7 /* main.m in Sources */ = {isa = PBXBuildFile; fileRef = FDA0C24F1BE322280000CCC7 /* main.m */; };
		FDA0C2531BE322280000CCC7 /* AppDelegate.m in Sources */ = {isa = PBXBuildFile; fileRef = FDA0C2521BE322280000CCC7 /* AppDelegate.m */; };
		FDA0C2591BE322280000CCC7 /* Main.storyboard in Resources */ = {isa = PBXBuildFile; fileRef = FDA0C2571BE322280000CCC7 /* Main.storyboard */; };
		FDA0C25C1BE322280000CCC7 /* iosdemo.xcdatamodeld in Sources */ = {isa = PBXBuildFile; fileRef = FDA0C25A1BE322280000CCC7 /* iosdemo.xcdatamodeld */; };
		FDA0C25E1BE322280000CCC7 /* Assets.xcassets in Resources */ = {isa = PBXBuildFile; fileRef = FDA0C25D1BE322280000CCC7 /* Assets.xcassets */; };
		FDA0C2611BE322280000CCC7 /* LaunchScreen.storyboard in Resources */ = {isa = PBXBuildFile; fileRef = FDA0C25F1BE322280000CCC7 /* LaunchScreen.storyboard */; };
		FDA0C26C1BE322280000CCC7 /* iosdemoTests.m in Sources */ = {isa = PBXBuildFile; fileRef = FDA0C26B1BE322280000CCC7 /* iosdemoTests.m */; };
		FDA0C2771BE322280000CCC7 /* iosdemoUITests.m in Sources */ = {isa = PBXBuildFile; fileRef = FDA0C2761BE322280000CCC7 /* iosdemoUITests.m */; };
		FDA0C2871BE356E00000CCC7 /* MainCtl.m in Sources */ = {isa = PBXBuildFile; fileRef = FDA0C2861BE356E00000CCC7 /* MainCtl.m */; };
		FDA0C28A1BE363AC0000CCC7 /* PrivateCtl.m in Sources */ = {isa = PBXBuildFile; fileRef = FDA0C2891BE363AC0000CCC7 /* PrivateCtl.m */; };
		FDA0C2931BE36AF90000CCC7 /* MyCellView.m in Sources */ = {isa = PBXBuildFile; fileRef = FDA0C2911BE36AF90000CCC7 /* MyCellView.m */; };
		FDA0C2941BE36AF90000CCC7 /* MyCellView.xib in Resources */ = {isa = PBXBuildFile; fileRef = FDA0C2921BE36AF90000CCC7 /* MyCellView.xib */; };
		FDA0C2971BE374B50000CCC7 /* OpenSourceCtl.m in Sources */ = {isa = PBXBuildFile; fileRef = FDA0C2961BE374B50000CCC7 /* OpenSourceCtl.m */; };
		FDA608F51C185DD6005F3543 /* MyFileManagerXIB.m in Sources */ = {isa = PBXBuildFile; fileRef = FDA608F31C185DD6005F3543 /* MyFileManagerXIB.m */; };
		FDA608F61C185DD6005F3543 /* MyFileManagerXIB.xib in Resources */ = {isa = PBXBuildFile; fileRef = FDA608F41C185DD6005F3543 /* MyFileManagerXIB.xib */; };
		FDAB05B01BE90CCF00C317F9 /* ScrollViewZoomCtl.m in Sources */ = {isa = PBXBuildFile; fileRef = FDAB05AF1BE90CCF00C317F9 /* ScrollViewZoomCtl.m */; };
		FDBE2D8B1BE704E9004E375D /* UIColor+Random.m in Sources */ = {isa = PBXBuildFile; fileRef = FDBE2D861BE704E9004E375D /* UIColor+Random.m */; };
		FDBE2D8C1BE704E9004E375D /* WMResource.m in Sources */ = {isa = PBXBuildFile; fileRef = FDBE2D881BE704E9004E375D /* WMResource.m */; };
		FDBE2D8D1BE704E9004E375D /* NSFileManager+WMPlus.m in Sources */ = {isa = PBXBuildFile; fileRef = FDBE2D8A1BE704E9004E375D /* NSFileManager+WMPlus.m */; };
		FDBE2D921BE75B69004E375D /* TabBarCtl.m in Sources */ = {isa = PBXBuildFile; fileRef = FDBE2D911BE75B69004E375D /* TabBarCtl.m */; };
		FDEA2CBE1BE8B2560052B498 /* ScrollViewLayoutCtl.m in Sources */ = {isa = PBXBuildFile; fileRef = FDEA2CBD1BE8B2560052B498 /* ScrollViewLayoutCtl.m */; };
		FDEA2CC71BE8BE8B0052B498 /* ScrollViewLayoutXIB.m in Sources */ = {isa = PBXBuildFile; fileRef = FDEA2CC51BE8BE8B0052B498 /* ScrollViewLayoutXIB.m */; };
		FDEA2CC81BE8BE8B0052B498 /* ScrollViewLayoutXIB.xib in Resources */ = {isa = PBXBuildFile; fileRef = FDEA2CC61BE8BE8B0052B498 /* ScrollViewLayoutXIB.xib */; };
		FDF9C4501BF637D5005C38CC /* ComponentCtl.m in Sources */ = {isa = PBXBuildFile; fileRef = FDF9C44F1BF637D5005C38CC /* ComponentCtl.m */; };
		FDF9C4531BF63904005C38CC /* MyQuartz2DCtl.m in Sources */ = {isa = PBXBuildFile; fileRef = FDF9C4521BF63904005C38CC /* MyQuartz2DCtl.m */; };
		FDF9C4561BF639C4005C38CC /* MyQuartz2DView.m in Sources */ = {isa = PBXBuildFile; fileRef = FDF9C4551BF639C4005C38CC /* MyQuartz2DView.m */; };
/* End PBXBuildFile section */

/* Begin PBXContainerItemProxy section */
		FDA0C2681BE322280000CCC7 /* PBXContainerItemProxy */ = {
			isa = PBXContainerItemProxy;
			containerPortal = FDA0C2431BE322280000CCC7 /* Project object */;
			proxyType = 1;
			remoteGlobalIDString = FDA0C24A1BE322280000CCC7;
			remoteInfo = iosdemo;
		};
		FDA0C2731BE322280000CCC7 /* PBXContainerItemProxy */ = {
			isa = PBXContainerItemProxy;
			containerPortal = FDA0C2431BE322280000CCC7 /* Project object */;
			proxyType = 1;
			remoteGlobalIDString = FDA0C24A1BE322280000CCC7;
			remoteInfo = iosdemo;
		};
/* End PBXContainerItemProxy section */

/* Begin PBXFileReference section */
		FD5BD7861C0DE8B2006BF1E8 /* MyWebViewXIB.h */ = {isa = PBXFileReference; fileEncoding = 4; lastKnownFileType = sourcecode.c.h; path = MyWebViewXIB.h; sourceTree = "<group>"; };
		FD5BD7871C0DE8B2006BF1E8 /* MyWebViewXIB.m */ = {isa = PBXFileReference; fileEncoding = 4; lastKnownFileType = sourcecode.c.objc; path = MyWebViewXIB.m; sourceTree = "<group>"; };
		FD5BD7881C0DE8B2006BF1E8 /* MyWebViewXIB.xib */ = {isa = PBXFileReference; fileEncoding = 4; lastKnownFileType = file.xib; path = MyWebViewXIB.xib; sourceTree = "<group>"; };
		FD5BD78C1C0FDFFC006BF1E8 /* MyTimerXIB.h */ = {isa = PBXFileReference; fileEncoding = 4; lastKnownFileType = sourcecode.c.h; path = MyTimerXIB.h; sourceTree = "<group>"; };
		FD5BD78D1C0FDFFC006BF1E8 /* MyTimerXIB.m */ = {isa = PBXFileReference; fileEncoding = 4; lastKnownFileType = sourcecode.c.objc; path = MyTimerXIB.m; sourceTree = "<group>"; };
		FD5BD78E1C0FDFFC006BF1E8 /* MyTimerXIB.xib */ = {isa = PBXFileReference; fileEncoding = 4; lastKnownFileType = file.xib; path = MyTimerXIB.xib; sourceTree = "<group>"; };
		FD7AC0701C042D9400F40C7C /* AFHTTPRequestOperation.h */ = {isa = PBXFileReference; fileEncoding = 4; lastKnownFileType = sourcecode.c.h; path = AFHTTPRequestOperation.h; sourceTree = "<group>"; };
		FD7AC0711C042D9400F40C7C /* AFHTTPRequestOperation.m */ = {isa = PBXFileReference; fileEncoding = 4; lastKnownFileType = sourcecode.c.objc; path = AFHTTPRequestOperation.m; sourceTree = "<group>"; };
		FD7AC0721C042D9400F40C7C /* AFHTTPRequestOperationManager.h */ = {isa = PBXFileReference; fileEncoding = 4; lastKnownFileType = sourcecode.c.h; path = AFHTTPRequestOperationManager.h; sourceTree = "<group>"; };
		FD7AC0731C042D9400F40C7C /* AFHTTPRequestOperationManager.m */ = {isa = PBXFileReference; fileEncoding = 4; lastKnownFileType = sourcecode.c.objc; path = AFHTTPRequestOperationManager.m; sourceTree = "<group>"; };
		FD7AC0741C042D9400F40C7C /* AFHTTPSessionManager.h */ = {isa = PBXFileReference; fileEncoding = 4; lastKnownFileType = sourcecode.c.h; path = AFHTTPSessionManager.h; sourceTree = "<group>"; };
		FD7AC0751C042D9400F40C7C /* AFHTTPSessionManager.m */ = {isa = PBXFileReference; fileEncoding = 4; lastKnownFileType = sourcecode.c.objc; path = AFHTTPSessionManager.m; sourceTree = "<group>"; };
		FD7AC0761C042D9400F40C7C /* AFNetworking.h */ = {isa = PBXFileReference; fileEncoding = 4; lastKnownFileType = sourcecode.c.h; path = AFNetworking.h; sourceTree = "<group>"; };
		FD7AC0771C042D9400F40C7C /* AFNetworkReachabilityManager.h */ = {isa = PBXFileReference; fileEncoding = 4; lastKnownFileType = sourcecode.c.h; path = AFNetworkReachabilityManager.h; sourceTree = "<group>"; };
		FD7AC0781C042D9400F40C7C /* AFNetworkReachabilityManager.m */ = {isa = PBXFileReference; fileEncoding = 4; lastKnownFileType = sourcecode.c.objc; path = AFNetworkReachabilityManager.m; sourceTree = "<group>"; };
		FD7AC0791C042D9400F40C7C /* AFSecurityPolicy.h */ = {isa = PBXFileReference; fileEncoding = 4; lastKnownFileType = sourcecode.c.h; path = AFSecurityPolicy.h; sourceTree = "<group>"; };
		FD7AC07A1C042D9400F40C7C /* AFSecurityPolicy.m */ = {isa = PBXFileReference; fileEncoding = 4; lastKnownFileType = sourcecode.c.objc; path = AFSecurityPolicy.m; sourceTree = "<group>"; };
		FD7AC07B1C042D9400F40C7C /* AFURLConnectionOperation.h */ = {isa = PBXFileReference; fileEncoding = 4; lastKnownFileType = sourcecode.c.h; path = AFURLConnectionOperation.h; sourceTree = "<group>"; };
		FD7AC07C1C042D9400F40C7C /* AFURLConnectionOperation.m */ = {isa = PBXFileReference; fileEncoding = 4; lastKnownFileType = sourcecode.c.objc; path = AFURLConnectionOperation.m; sourceTree = "<group>"; };
		FD7AC07D1C042D9400F40C7C /* AFURLRequestSerialization.h */ = {isa = PBXFileReference; fileEncoding = 4; lastKnownFileType = sourcecode.c.h; path = AFURLRequestSerialization.h; sourceTree = "<group>"; };
		FD7AC07E1C042D9400F40C7C /* AFURLRequestSerialization.m */ = {isa = PBXFileReference; fileEncoding = 4; lastKnownFileType = sourcecode.c.objc; path = AFURLRequestSerialization.m; sourceTree = "<group>"; };
		FD7AC07F1C042D9400F40C7C /* AFURLResponseSerialization.h */ = {isa = PBXFileReference; fileEncoding = 4; lastKnownFileType = sourcecode.c.h; path = AFURLResponseSerialization.h; sourceTree = "<group>"; };
		FD7AC0801C042D9400F40C7C /* AFURLResponseSerialization.m */ = {isa = PBXFileReference; fileEncoding = 4; lastKnownFileType = sourcecode.c.objc; path = AFURLResponseSerialization.m; sourceTree = "<group>"; };
		FD7AC0811C042D9400F40C7C /* AFURLSessionManager.h */ = {isa = PBXFileReference; fileEncoding = 4; lastKnownFileType = sourcecode.c.h; path = AFURLSessionManager.h; sourceTree = "<group>"; };
		FD7AC0821C042D9400F40C7C /* AFURLSessionManager.m */ = {isa = PBXFileReference; fileEncoding = 4; lastKnownFileType = sourcecode.c.objc; path = AFURLSessionManager.m; sourceTree = "<group>"; };
		FD7AC08D1C042DDD00F40C7C /* AFNetworkingCtl.h */ = {isa = PBXFileReference; fileEncoding = 4; lastKnownFileType = sourcecode.c.h; path = AFNetworkingCtl.h; sourceTree = "<group>"; };
		FD7AC08E1C042DDD00F40C7C /* AFNetworkingCtl.m */ = {isa = PBXFileReference; fileEncoding = 4; lastKnownFileType = sourcecode.c.objc; path = AFNetworkingCtl.m; sourceTree = "<group>"; };
		FD7AC0911C04316600F40C7C /* AFNetworkActivityIndicatorManager.h */ = {isa = PBXFileReference; fileEncoding = 4; lastKnownFileType = sourcecode.c.h; path = AFNetworkActivityIndicatorManager.h; sourceTree = "<group>"; };
		FD7AC0921C04316600F40C7C /* AFNetworkActivityIndicatorManager.m */ = {isa = PBXFileReference; fileEncoding = 4; lastKnownFileType = sourcecode.c.objc; path = AFNetworkActivityIndicatorManager.m; sourceTree = "<group>"; };
		FD7AC0931C04316600F40C7C /* UIActivityIndicatorView+AFNetworking.h */ = {isa = PBXFileReference; fileEncoding = 4; lastKnownFileType = sourcecode.c.h; path = "UIActivityIndicatorView+AFNetworking.h"; sourceTree = "<group>"; };
		FD7AC0941C04316600F40C7C /* UIActivityIndicatorView+AFNetworking.m */ = {isa = PBXFileReference; fileEncoding = 4; lastKnownFileType = sourcecode.c.objc; path = "UIActivityIndicatorView+AFNetworking.m"; sourceTree = "<group>"; };
		FD7AC0951C04316600F40C7C /* UIAlertView+AFNetworking.h */ = {isa = PBXFileReference; fileEncoding = 4; lastKnownFileType = sourcecode.c.h; path = "UIAlertView+AFNetworking.h"; sourceTree = "<group>"; };
		FD7AC0961C04316600F40C7C /* UIAlertView+AFNetworking.m */ = {isa = PBXFileReference; fileEncoding = 4; lastKnownFileType = sourcecode.c.objc; path = "UIAlertView+AFNetworking.m"; sourceTree = "<group>"; };
		FD7AC0971C04316600F40C7C /* UIButton+AFNetworking.h */ = {isa = PBXFileReference; fileEncoding = 4; lastKnownFileType = sourcecode.c.h; path = "UIButton+AFNetworking.h"; sourceTree = "<group>"; };
		FD7AC0981C04316600F40C7C /* UIButton+AFNetworking.m */ = {isa = PBXFileReference; fileEncoding = 4; lastKnownFileType = sourcecode.c.objc; path = "UIButton+AFNetworking.m"; sourceTree = "<group>"; };
		FD7AC0991C04316600F40C7C /* UIImage+AFNetworking.h */ = {isa = PBXFileReference; fileEncoding = 4; lastKnownFileType = sourcecode.c.h; path = "UIImage+AFNetworking.h"; sourceTree = "<group>"; };
		FD7AC09A1C04316600F40C7C /* UIImageView+AFNetworking.h */ = {isa = PBXFileReference; fileEncoding = 4; lastKnownFileType = sourcecode.c.h; path = "UIImageView+AFNetworking.h"; sourceTree = "<group>"; };
		FD7AC09B1C04316600F40C7C /* UIImageView+AFNetworking.m */ = {isa = PBXFileReference; fileEncoding = 4; lastKnownFileType = sourcecode.c.objc; path = "UIImageView+AFNetworking.m"; sourceTree = "<group>"; };
		FD7AC09C1C04316600F40C7C /* UIKit+AFNetworking.h */ = {isa = PBXFileReference; fileEncoding = 4; lastKnownFileType = sourcecode.c.h; path = "UIKit+AFNetworking.h"; sourceTree = "<group>"; };
		FD7AC09D1C04316600F40C7C /* UIProgressView+AFNetworking.h */ = {isa = PBXFileReference; fileEncoding = 4; lastKnownFileType = sourcecode.c.h; path = "UIProgressView+AFNetworking.h"; sourceTree = "<group>"; };
		FD7AC09E1C04316600F40C7C /* UIProgressView+AFNetworking.m */ = {isa = PBXFileReference; fileEncoding = 4; lastKnownFileType = sourcecode.c.objc; path = "UIProgressView+AFNetworking.m"; sourceTree = "<group>"; };
		FD7AC09F1C04316600F40C7C /* UIRefreshControl+AFNetworking.h */ = {isa = PBXFileReference; fileEncoding = 4; lastKnownFileType = sourcecode.c.h; path = "UIRefreshControl+AFNetworking.h"; sourceTree = "<group>"; };
		FD7AC0A01C04316600F40C7C /* UIRefreshControl+AFNetworking.m */ = {isa = PBXFileReference; fileEncoding = 4; lastKnownFileType = sourcecode.c.objc; path = "UIRefreshControl+AFNetworking.m"; sourceTree = "<group>"; };
		FD7AC0A11C04316600F40C7C /* UIWebView+AFNetworking.h */ = {isa = PBXFileReference; fileEncoding = 4; lastKnownFileType = sourcecode.c.h; path = "UIWebView+AFNetworking.h"; sourceTree = "<group>"; };
		FD7AC0A21C04316600F40C7C /* UIWebView+AFNetworking.m */ = {isa = PBXFileReference; fileEncoding = 4; lastKnownFileType = sourcecode.c.objc; path = "UIWebView+AFNetworking.m"; sourceTree = "<group>"; };
		FD7AC0AF1C0D9CAD00F40C7C /* MyAnimationXIB.h */ = {isa = PBXFileReference; fileEncoding = 4; lastKnownFileType = sourcecode.c.h; path = MyAnimationXIB.h; sourceTree = "<group>"; };
		FD7AC0B01C0D9CAD00F40C7C /* MyAnimationXIB.m */ = {isa = PBXFileReference; fileEncoding = 4; lastKnownFileType = sourcecode.c.objc; path = MyAnimationXIB.m; sourceTree = "<group>"; };
		FD7AC0B11C0D9CAD00F40C7C /* MyAnimationXIB.xib */ = {isa = PBXFileReference; fileEncoding = 4; lastKnownFileType = file.xib; path = MyAnimationXIB.xib; sourceTree = "<group>"; };
		FD7AC0B61C0DA59000F40C7C /* MyTransitionAnimXIB.h */ = {isa = PBXFileReference; fileEncoding = 4; lastKnownFileType = sourcecode.c.h; path = MyTransitionAnimXIB.h; sourceTree = "<group>"; };
		FD7AC0B71C0DA59000F40C7C /* MyTransitionAnimXIB.m */ = {isa = PBXFileReference; fileEncoding = 4; lastKnownFileType = sourcecode.c.objc; path = MyTransitionAnimXIB.m; sourceTree = "<group>"; };
		FD7AC0B81C0DA59000F40C7C /* MyTransitionAnimXIB.xib */ = {isa = PBXFileReference; fileEncoding = 4; lastKnownFileType = file.xib; path = MyTransitionAnimXIB.xib; sourceTree = "<group>"; };
		FD7AC0BC1C0DE03300F40C7C /* MyLayerXIB.h */ = {isa = PBXFileReference; fileEncoding = 4; lastKnownFileType = sourcecode.c.h; path = MyLayerXIB.h; sourceTree = "<group>"; };
		FD7AC0BD1C0DE03300F40C7C /* MyLayerXIB.m */ = {isa = PBXFileReference; fileEncoding = 4; lastKnownFileType = sourcecode.c.objc; path = MyLayerXIB.m; sourceTree = "<group>"; };
		FD7AC0BE1C0DE03300F40C7C /* MyLayerXIB.xib */ = {isa = PBXFileReference; fileEncoding = 4; lastKnownFileType = file.xib; path = MyLayerXIB.xib; sourceTree = "<group>"; };
		FD7D68FC1BEA32230033CD82 /* SlidePageViewCtl.h */ = {isa = PBXFileReference; fileEncoding = 4; lastKnownFileType = sourcecode.c.h; path = SlidePageViewCtl.h; sourceTree = "<group>"; };
		FD7D68FD1BEA32230033CD82 /* SlidePageViewCtl.m */ = {isa = PBXFileReference; fileEncoding = 4; lastKnownFileType = sourcecode.c.objc; path = SlidePageViewCtl.m; sourceTree = "<group>"; };
		FD7D68FF1BEAEE7C0033CD82 /* SlidePageView.h */ = {isa = PBXFileReference; fileEncoding = 4; lastKnownFileType = sourcecode.c.h; path = SlidePageView.h; sourceTree = "<group>"; };
		FD7D69001BEAEE7C0033CD82 /* SlidePageView.m */ = {isa = PBXFileReference; fileEncoding = 4; lastKnownFileType = sourcecode.c.objc; path = SlidePageView.m; sourceTree = "<group>"; };
		FDA0C24B1BE322280000CCC7 /* iosdemo.app */ = {isa = PBXFileReference; explicitFileType = wrapper.application; includeInIndex = 0; path = iosdemo.app; sourceTree = BUILT_PRODUCTS_DIR; };
		FDA0C24F1BE322280000CCC7 /* main.m */ = {isa = PBXFileReference; lastKnownFileType = sourcecode.c.objc; path = main.m; sourceTree = "<group>"; };
		FDA0C2511BE322280000CCC7 /* AppDelegate.h */ = {isa = PBXFileReference; lastKnownFileType = sourcecode.c.h; path = AppDelegate.h; sourceTree = "<group>"; };
		FDA0C2521BE322280000CCC7 /* AppDelegate.m */ = {isa = PBXFileReference; lastKnownFileType = sourcecode.c.objc; path = AppDelegate.m; sourceTree = "<group>"; };
		FDA0C2581BE322280000CCC7 /* Base */ = {isa = PBXFileReference; lastKnownFileType = file.storyboard; name = Base; path = Base.lproj/Main.storyboard; sourceTree = "<group>"; };
		FDA0C25B1BE322280000CCC7 /* iosdemo.xcdatamodel */ = {isa = PBXFileReference; lastKnownFileType = wrapper.xcdatamodel; path = iosdemo.xcdatamodel; sourceTree = "<group>"; };
		FDA0C25D1BE322280000CCC7 /* Assets.xcassets */ = {isa = PBXFileReference; lastKnownFileType = folder.assetcatalog; path = Assets.xcassets; sourceTree = "<group>"; };
		FDA0C2601BE322280000CCC7 /* Base */ = {isa = PBXFileReference; lastKnownFileType = file.storyboard; name = Base; path = Base.lproj/LaunchScreen.storyboard; sourceTree = "<group>"; };
		FDA0C2621BE322280000CCC7 /* Info.plist */ = {isa = PBXFileReference; lastKnownFileType = text.plist.xml; path = Info.plist; sourceTree = "<group>"; };
		FDA0C2671BE322280000CCC7 /* iosdemoTests.xctest */ = {isa = PBXFileReference; explicitFileType = wrapper.cfbundle; includeInIndex = 0; path = iosdemoTests.xctest; sourceTree = BUILT_PRODUCTS_DIR; };
		FDA0C26B1BE322280000CCC7 /* iosdemoTests.m */ = {isa = PBXFileReference; lastKnownFileType = sourcecode.c.objc; path = iosdemoTests.m; sourceTree = "<group>"; };
		FDA0C26D1BE322280000CCC7 /* Info.plist */ = {isa = PBXFileReference; lastKnownFileType = text.plist.xml; path = Info.plist; sourceTree = "<group>"; };
		FDA0C2721BE322280000CCC7 /* iosdemoUITests.xctest */ = {isa = PBXFileReference; explicitFileType = wrapper.cfbundle; includeInIndex = 0; path = iosdemoUITests.xctest; sourceTree = BUILT_PRODUCTS_DIR; };
		FDA0C2761BE322280000CCC7 /* iosdemoUITests.m */ = {isa = PBXFileReference; lastKnownFileType = sourcecode.c.objc; path = iosdemoUITests.m; sourceTree = "<group>"; };
		FDA0C2781BE322280000CCC7 /* Info.plist */ = {isa = PBXFileReference; lastKnownFileType = text.plist.xml; path = Info.plist; sourceTree = "<group>"; };
		FDA0C2851BE356E00000CCC7 /* MainCtl.h */ = {isa = PBXFileReference; fileEncoding = 4; lastKnownFileType = sourcecode.c.h; path = MainCtl.h; sourceTree = "<group>"; };
		FDA0C2861BE356E00000CCC7 /* MainCtl.m */ = {isa = PBXFileReference; fileEncoding = 4; lastKnownFileType = sourcecode.c.objc; path = MainCtl.m; sourceTree = "<group>"; };
		FDA0C2881BE363AC0000CCC7 /* PrivateCtl.h */ = {isa = PBXFileReference; fileEncoding = 4; lastKnownFileType = sourcecode.c.h; path = PrivateCtl.h; sourceTree = "<group>"; };
		FDA0C2891BE363AC0000CCC7 /* PrivateCtl.m */ = {isa = PBXFileReference; fileEncoding = 4; lastKnownFileType = sourcecode.c.objc; path = PrivateCtl.m; sourceTree = "<group>"; };
		FDA0C2901BE36AF90000CCC7 /* MyCellView.h */ = {isa = PBXFileReference; fileEncoding = 4; lastKnownFileType = sourcecode.c.h; path = MyCellView.h; sourceTree = "<group>"; };
		FDA0C2911BE36AF90000CCC7 /* MyCellView.m */ = {isa = PBXFileReference; fileEncoding = 4; lastKnownFileType = sourcecode.c.objc; path = MyCellView.m; sourceTree = "<group>"; };
		FDA0C2921BE36AF90000CCC7 /* MyCellView.xib */ = {isa = PBXFileReference; fileEncoding = 4; lastKnownFileType = file.xib; path = MyCellView.xib; sourceTree = "<group>"; };
		FDA0C2951BE374B50000CCC7 /* OpenSourceCtl.h */ = {isa = PBXFileReference; fileEncoding = 4; lastKnownFileType = sourcecode.c.h; path = OpenSourceCtl.h; sourceTree = "<group>"; };
		FDA0C2961BE374B50000CCC7 /* OpenSourceCtl.m */ = {isa = PBXFileReference; fileEncoding = 4; lastKnownFileType = sourcecode.c.objc; path = OpenSourceCtl.m; sourceTree = "<group>"; };
		FDA608F21C185DD6005F3543 /* MyFileManagerXIB.h */ = {isa = PBXFileReference; fileEncoding = 4; lastKnownFileType = sourcecode.c.h; path = MyFileManagerXIB.h; sourceTree = "<group>"; };
		FDA608F31C185DD6005F3543 /* MyFileManagerXIB.m */ = {isa = PBXFileReference; fileEncoding = 4; lastKnownFileType = sourcecode.c.objc; path = MyFileManagerXIB.m; sourceTree = "<group>"; };
		FDA608F41C185DD6005F3543 /* MyFileManagerXIB.xib */ = {isa = PBXFileReference; fileEncoding = 4; lastKnownFileType = file.xib; path = MyFileManagerXIB.xib; sourceTree = "<group>"; };
		FDAB05AE1BE90CCF00C317F9 /* ScrollViewZoomCtl.h */ = {isa = PBXFileReference; fileEncoding = 4; lastKnownFileType = sourcecode.c.h; path = ScrollViewZoomCtl.h; sourceTree = "<group>"; };
		FDAB05AF1BE90CCF00C317F9 /* ScrollViewZoomCtl.m */ = {isa = PBXFileReference; fileEncoding = 4; lastKnownFileType = sourcecode.c.objc; path = ScrollViewZoomCtl.m; sourceTree = "<group>"; };
		FDBE2D851BE704E9004E375D /* UIColor+Random.h */ = {isa = PBXFileReference; fileEncoding = 4; lastKnownFileType = sourcecode.c.h; path = "UIColor+Random.h"; sourceTree = "<group>"; };
		FDBE2D861BE704E9004E375D /* UIColor+Random.m */ = {isa = PBXFileReference; fileEncoding = 4; lastKnownFileType = sourcecode.c.objc; path = "UIColor+Random.m"; sourceTree = "<group>"; };
		FDBE2D871BE704E9004E375D /* WMResource.h */ = {isa = PBXFileReference; fileEncoding = 4; lastKnownFileType = sourcecode.c.h; path = WMResource.h; sourceTree = "<group>"; };
		FDBE2D881BE704E9004E375D /* WMResource.m */ = {isa = PBXFileReference; fileEncoding = 4; lastKnownFileType = sourcecode.c.objc; path = WMResource.m; sourceTree = "<group>"; };
		FDBE2D891BE704E9004E375D /* NSFileManager+WMPlus.h */ = {isa = PBXFileReference; fileEncoding = 4; lastKnownFileType = sourcecode.c.h; path = "NSFileManager+WMPlus.h"; sourceTree = "<group>"; };
		FDBE2D8A1BE704E9004E375D /* NSFileManager+WMPlus.m */ = {isa = PBXFileReference; fileEncoding = 4; lastKnownFileType = sourcecode.c.objc; path = "NSFileManager+WMPlus.m"; sourceTree = "<group>"; };
		FDBE2D901BE75B69004E375D /* TabBarCtl.h */ = {isa = PBXFileReference; fileEncoding = 4; lastKnownFileType = sourcecode.c.h; path = TabBarCtl.h; sourceTree = "<group>"; };
		FDBE2D911BE75B69004E375D /* TabBarCtl.m */ = {isa = PBXFileReference; fileEncoding = 4; lastKnownFileType = sourcecode.c.objc; path = TabBarCtl.m; sourceTree = "<group>"; };
		FDEA2CBC1BE8B2560052B498 /* ScrollViewLayoutCtl.h */ = {isa = PBXFileReference; fileEncoding = 4; lastKnownFileType = sourcecode.c.h; path = ScrollViewLayoutCtl.h; sourceTree = "<group>"; };
		FDEA2CBD1BE8B2560052B498 /* ScrollViewLayoutCtl.m */ = {isa = PBXFileReference; fileEncoding = 4; lastKnownFileType = sourcecode.c.objc; path = ScrollViewLayoutCtl.m; sourceTree = "<group>"; };
		FDEA2CC41BE8BE8B0052B498 /* ScrollViewLayoutXIB.h */ = {isa = PBXFileReference; fileEncoding = 4; lastKnownFileType = sourcecode.c.h; path = ScrollViewLayoutXIB.h; sourceTree = "<group>"; };
		FDEA2CC51BE8BE8B0052B498 /* ScrollViewLayoutXIB.m */ = {isa = PBXFileReference; fileEncoding = 4; lastKnownFileType = sourcecode.c.objc; path = ScrollViewLayoutXIB.m; sourceTree = "<group>"; };
		FDEA2CC61BE8BE8B0052B498 /* ScrollViewLayoutXIB.xib */ = {isa = PBXFileReference; fileEncoding = 4; lastKnownFileType = file.xib; path = ScrollViewLayoutXIB.xib; sourceTree = "<group>"; };
		FDF9C44E1BF637D5005C38CC /* ComponentCtl.h */ = {isa = PBXFileReference; fileEncoding = 4; lastKnownFileType = sourcecode.c.h; path = ComponentCtl.h; sourceTree = "<group>"; };
		FDF9C44F1BF637D5005C38CC /* ComponentCtl.m */ = {isa = PBXFileReference; fileEncoding = 4; lastKnownFileType = sourcecode.c.objc; path = ComponentCtl.m; sourceTree = "<group>"; };
		FDF9C4511BF63904005C38CC /* MyQuartz2DCtl.h */ = {isa = PBXFileReference; fileEncoding = 4; lastKnownFileType = sourcecode.c.h; path = MyQuartz2DCtl.h; sourceTree = "<group>"; };
		FDF9C4521BF63904005C38CC /* MyQuartz2DCtl.m */ = {isa = PBXFileReference; fileEncoding = 4; lastKnownFileType = sourcecode.c.objc; path = MyQuartz2DCtl.m; sourceTree = "<group>"; };
		FDF9C4541BF639C4005C38CC /* MyQuartz2DView.h */ = {isa = PBXFileReference; fileEncoding = 4; lastKnownFileType = sourcecode.c.h; path = MyQuartz2DView.h; sourceTree = "<group>"; };
		FDF9C4551BF639C4005C38CC /* MyQuartz2DView.m */ = {isa = PBXFileReference; fileEncoding = 4; lastKnownFileType = sourcecode.c.objc; path = MyQuartz2DView.m; sourceTree = "<group>"; };
/* End PBXFileReference section */

/* Begin PBXFrameworksBuildPhase section */
		FDA0C2481BE322280000CCC7 /* Frameworks */ = {
			isa = PBXFrameworksBuildPhase;
			buildActionMask = 2147483647;
			files = (
			);
			runOnlyForDeploymentPostprocessing = 0;
		};
		FDA0C2641BE322280000CCC7 /* Frameworks */ = {
			isa = PBXFrameworksBuildPhase;
			buildActionMask = 2147483647;
			files = (
			);
			runOnlyForDeploymentPostprocessing = 0;
		};
		FDA0C26F1BE322280000CCC7 /* Frameworks */ = {
			isa = PBXFrameworksBuildPhase;
			buildActionMask = 2147483647;
			files = (
			);
			runOnlyForDeploymentPostprocessing = 0;
		};
/* End PBXFrameworksBuildPhase section */

/* Begin PBXGroup section */
		FD5BD78B1C0FDFE0006BF1E8 /* NSTimer */ = {
			isa = PBXGroup;
			children = (
				FD5BD78C1C0FDFFC006BF1E8 /* MyTimerXIB.h */,
				FD5BD78D1C0FDFFC006BF1E8 /* MyTimerXIB.m */,
				FD5BD78E1C0FDFFC006BF1E8 /* MyTimerXIB.xib */,
			);
			name = NSTimer;
			sourceTree = "<group>";
		};
		FD7AC0671BFC0C7500F40C7C /* Pager */ = {
			isa = PBXGroup;
			children = (
				FDA0C2881BE363AC0000CCC7 /* PrivateCtl.h */,
				FDA0C2891BE363AC0000CCC7 /* PrivateCtl.m */,
				FDA0C2951BE374B50000CCC7 /* OpenSourceCtl.h */,
				FDA0C2961BE374B50000CCC7 /* OpenSourceCtl.m */,
				FDF9C44E1BF637D5005C38CC /* ComponentCtl.h */,
				FDF9C44F1BF637D5005C38CC /* ComponentCtl.m */,
			);
			name = Pager;
			sourceTree = "<group>";
		};
		FD7AC06D1C042B8F00F40C7C /* OpenSource */ = {
			isa = PBXGroup;
			children = (
				FD7AC08C1C042DA900F40C7C /* AFNetworking */,
			);
			name = OpenSource;
			sourceTree = "<group>";
		};
		FD7AC06E1C042D6700F40C7C /* Library */ = {
			isa = PBXGroup;
			children = (
				FD7AC0901C04316600F40C7C /* UIKit+AFNetworking */,
				FD7AC06F1C042D9400F40C7C /* AFNetworking */,
			);
			name = Library;
			sourceTree = "<group>";
		};
		FD7AC06F1C042D9400F40C7C /* AFNetworking */ = {
			isa = PBXGroup;
			children = (
				FD7AC0701C042D9400F40C7C /* AFHTTPRequestOperation.h */,
				FD7AC0711C042D9400F40C7C /* AFHTTPRequestOperation.m */,
				FD7AC0721C042D9400F40C7C /* AFHTTPRequestOperationManager.h */,
				FD7AC0731C042D9400F40C7C /* AFHTTPRequestOperationManager.m */,
				FD7AC0741C042D9400F40C7C /* AFHTTPSessionManager.h */,
				FD7AC0751C042D9400F40C7C /* AFHTTPSessionManager.m */,
				FD7AC0761C042D9400F40C7C /* AFNetworking.h */,
				FD7AC0771C042D9400F40C7C /* AFNetworkReachabilityManager.h */,
				FD7AC0781C042D9400F40C7C /* AFNetworkReachabilityManager.m */,
				FD7AC0791C042D9400F40C7C /* AFSecurityPolicy.h */,
				FD7AC07A1C042D9400F40C7C /* AFSecurityPolicy.m */,
				FD7AC07B1C042D9400F40C7C /* AFURLConnectionOperation.h */,
				FD7AC07C1C042D9400F40C7C /* AFURLConnectionOperation.m */,
				FD7AC07D1C042D9400F40C7C /* AFURLRequestSerialization.h */,
				FD7AC07E1C042D9400F40C7C /* AFURLRequestSerialization.m */,
				FD7AC07F1C042D9400F40C7C /* AFURLResponseSerialization.h */,
				FD7AC0801C042D9400F40C7C /* AFURLResponseSerialization.m */,
				FD7AC0811C042D9400F40C7C /* AFURLSessionManager.h */,
				FD7AC0821C042D9400F40C7C /* AFURLSessionManager.m */,
			);
			path = AFNetworking;
			sourceTree = "<group>";
		};
		FD7AC08C1C042DA900F40C7C /* AFNetworking */ = {
			isa = PBXGroup;
			children = (
				FD7AC08D1C042DDD00F40C7C /* AFNetworkingCtl.h */,
				FD7AC08E1C042DDD00F40C7C /* AFNetworkingCtl.m */,
			);
			name = AFNetworking;
			sourceTree = "<group>";
		};
		FD7AC0901C04316600F40C7C /* UIKit+AFNetworking */ = {
			isa = PBXGroup;
			children = (
				FD7AC0911C04316600F40C7C /* AFNetworkActivityIndicatorManager.h */,
				FD7AC0921C04316600F40C7C /* AFNetworkActivityIndicatorManager.m */,
				FD7AC0931C04316600F40C7C /* UIActivityIndicatorView+AFNetworking.h */,
				FD7AC0941C04316600F40C7C /* UIActivityIndicatorView+AFNetworking.m */,
				FD7AC0951C04316600F40C7C /* UIAlertView+AFNetworking.h */,
				FD7AC0961C04316600F40C7C /* UIAlertView+AFNetworking.m */,
				FD7AC0971C04316600F40C7C /* UIButton+AFNetworking.h */,
				FD7AC0981C04316600F40C7C /* UIButton+AFNetworking.m */,
				FD7AC0991C04316600F40C7C /* UIImage+AFNetworking.h */,
				FD7AC09A1C04316600F40C7C /* UIImageView+AFNetworking.h */,
				FD7AC09B1C04316600F40C7C /* UIImageView+AFNetworking.m */,
				FD7AC09C1C04316600F40C7C /* UIKit+AFNetworking.h */,
				FD7AC09D1C04316600F40C7C /* UIProgressView+AFNetworking.h */,
				FD7AC09E1C04316600F40C7C /* UIProgressView+AFNetworking.m */,
				FD7AC09F1C04316600F40C7C /* UIRefreshControl+AFNetworking.h */,
				FD7AC0A01C04316600F40C7C /* UIRefreshControl+AFNetworking.m */,
				FD7AC0A11C04316600F40C7C /* UIWebView+AFNetworking.h */,
				FD7AC0A21C04316600F40C7C /* UIWebView+AFNetworking.m */,
			);
			path = "UIKit+AFNetworking";
			sourceTree = "<group>";
		};
		FD7AC0AB1C0D9C0400F40C7C /* Animation */ = {
			isa = PBXGroup;
			children = (
				FD7AC0BB1C0DE01600F40C7C /* Layer */,
				FD7AC0B51C0DA55F00F40C7C /* TransitionAnim */,
				FD7AC0B41C0DA52000F40C7C /* TransformAnim */,
			);
			name = Animation;
			sourceTree = "<group>";
		};
		FD7AC0B41C0DA52000F40C7C /* TransformAnim */ = {
			isa = PBXGroup;
			children = (
				FD7AC0AF1C0D9CAD00F40C7C /* MyAnimationXIB.h */,
				FD7AC0B01C0D9CAD00F40C7C /* MyAnimationXIB.m */,
				FD7AC0B11C0D9CAD00F40C7C /* MyAnimationXIB.xib */,
			);
			name = TransformAnim;
			sourceTree = "<group>";
		};
		FD7AC0B51C0DA55F00F40C7C /* TransitionAnim */ = {
			isa = PBXGroup;
			children = (
				FD7AC0B61C0DA59000F40C7C /* MyTransitionAnimXIB.h */,
				FD7AC0B71C0DA59000F40C7C /* MyTransitionAnimXIB.m */,
				FD7AC0B81C0DA59000F40C7C /* MyTransitionAnimXIB.xib */,
			);
			name = TransitionAnim;
			sourceTree = "<group>";
		};
		FD7AC0BB1C0DE01600F40C7C /* Layer */ = {
			isa = PBXGroup;
			children = (
				FD7AC0BC1C0DE03300F40C7C /* MyLayerXIB.h */,
				FD7AC0BD1C0DE03300F40C7C /* MyLayerXIB.m */,
				FD7AC0BE1C0DE03300F40C7C /* MyLayerXIB.xib */,
			);
			name = Layer;
			sourceTree = "<group>";
		};
		FD7AC0C11C0DE87200F40C7C /* WebView */ = {
			isa = PBXGroup;
			children = (
				FD5BD7861C0DE8B2006BF1E8 /* MyWebViewXIB.h */,
				FD5BD7871C0DE8B2006BF1E8 /* MyWebViewXIB.m */,
				FD5BD7881C0DE8B2006BF1E8 /* MyWebViewXIB.xib */,
			);
			name = WebView;
			sourceTree = "<group>";
		};
		FDA0C2421BE322280000CCC7 = {
			isa = PBXGroup;
			children = (
				FDA0C24D1BE322280000CCC7 /* iosdemo */,
				FDA0C26A1BE322280000CCC7 /* iosdemoTests */,
				FDA0C2751BE322280000CCC7 /* iosdemoUITests */,
				FDA0C24C1BE322280000CCC7 /* Products */,
			);
			sourceTree = "<group>";
		};
		FDA0C24C1BE322280000CCC7 /* Products */ = {
			isa = PBXGroup;
			children = (
				FDA0C24B1BE322280000CCC7 /* iosdemo.app */,
				FDA0C2671BE322280000CCC7 /* iosdemoTests.xctest */,
				FDA0C2721BE322280000CCC7 /* iosdemoUITests.xctest */,
			);
			name = Products;
			sourceTree = "<group>";
		};
		FDA0C24D1BE322280000CCC7 /* iosdemo */ = {
			isa = PBXGroup;
			children = (
				FD7AC06E1C042D6700F40C7C /* Library */,
				FDBE2D841BE704C2004E375D /* Resource */,
				FDA0C2841BE356CA0000CCC7 /* Main */,
				FDA0C29B1BE39B860000CCC7 /* Private */,
				FDF9C44B1BF636BC005C38CC /* Component */,
				FD7AC06D1C042B8F00F40C7C /* OpenSource */,
				FDA0C2511BE322280000CCC7 /* AppDelegate.h */,
				FDA0C2521BE322280000CCC7 /* AppDelegate.m */,
				FDA0C25D1BE322280000CCC7 /* Assets.xcassets */,
				FDA0C25F1BE322280000CCC7 /* LaunchScreen.storyboard */,
				FDA0C2621BE322280000CCC7 /* Info.plist */,
				FDA0C25A1BE322280000CCC7 /* iosdemo.xcdatamodeld */,
				FDA0C2571BE322280000CCC7 /* Main.storyboard */,
				FDA0C24E1BE322280000CCC7 /* Supporting Files */,
			);
			path = iosdemo;
			sourceTree = "<group>";
		};
		FDA0C24E1BE322280000CCC7 /* Supporting Files */ = {
			isa = PBXGroup;
			children = (
				FDA0C24F1BE322280000CCC7 /* main.m */,
			);
			name = "Supporting Files";
			sourceTree = "<group>";
		};
		FDA0C26A1BE322280000CCC7 /* iosdemoTests */ = {
			isa = PBXGroup;
			children = (
				FDA0C26B1BE322280000CCC7 /* iosdemoTests.m */,
				FDA0C26D1BE322280000CCC7 /* Info.plist */,
			);
			path = iosdemoTests;
			sourceTree = "<group>";
		};
		FDA0C2751BE322280000CCC7 /* iosdemoUITests */ = {
			isa = PBXGroup;
			children = (
				FDA0C2761BE322280000CCC7 /* iosdemoUITests.m */,
				FDA0C2781BE322280000CCC7 /* Info.plist */,
			);
			path = iosdemoUITests;
			sourceTree = "<group>";
		};
		FDA0C2841BE356CA0000CCC7 /* Main */ = {
			isa = PBXGroup;
			children = (
				FD7AC0671BFC0C7500F40C7C /* Pager */,
				FDA0C2851BE356E00000CCC7 /* MainCtl.h */,
				FDA0C2861BE356E00000CCC7 /* MainCtl.m */,
				FDA0C2901BE36AF90000CCC7 /* MyCellView.h */,
				FDA0C2911BE36AF90000CCC7 /* MyCellView.m */,
				FDA0C2921BE36AF90000CCC7 /* MyCellView.xib */,
				FDBE2D901BE75B69004E375D /* TabBarCtl.h */,
				FDBE2D911BE75B69004E375D /* TabBarCtl.m */,
			);
			name = Main;
			sourceTree = "<group>";
		};
		FDA0C29B1BE39B860000CCC7 /* Private */ = {
			isa = PBXGroup;
			children = (
				FDBE2D801BE70368004E375D /* scrollViewLayout */,
			);
			name = Private;
			sourceTree = "<group>";
		};
		FDA608F11C185DB1005F3543 /* FileManager */ = {
			isa = PBXGroup;
			children = (
				FDA608F21C185DD6005F3543 /* MyFileManagerXIB.h */,
				FDA608F31C185DD6005F3543 /* MyFileManagerXIB.m */,
				FDA608F41C185DD6005F3543 /* MyFileManagerXIB.xib */,
			);
			name = FileManager;
			sourceTree = "<group>";
		};
		FDAB05B11BE9E4CB00C317F9 /* slidePageView */ = {
			isa = PBXGroup;
			children = (
				FD7D68FC1BEA32230033CD82 /* SlidePageViewCtl.h */,
				FD7D68FD1BEA32230033CD82 /* SlidePageViewCtl.m */,
				FD7D68FF1BEAEE7C0033CD82 /* SlidePageView.h */,
				FD7D69001BEAEE7C0033CD82 /* SlidePageView.m */,
			);
			name = slidePageView;
			sourceTree = "<group>";
		};
		FDBE2D801BE70368004E375D /* scrollViewLayout */ = {
			isa = PBXGroup;
			children = (
				FDAB05B11BE9E4CB00C317F9 /* slidePageView */,
				FDEA2CBC1BE8B2560052B498 /* ScrollViewLayoutCtl.h */,
				FDEA2CBD1BE8B2560052B498 /* ScrollViewLayoutCtl.m */,
				FDEA2CC41BE8BE8B0052B498 /* ScrollViewLayoutXIB.h */,
				FDEA2CC51BE8BE8B0052B498 /* ScrollViewLayoutXIB.m */,
				FDEA2CC61BE8BE8B0052B498 /* ScrollViewLayoutXIB.xib */,
				FDAB05AE1BE90CCF00C317F9 /* ScrollViewZoomCtl.h */,
				FDAB05AF1BE90CCF00C317F9 /* ScrollViewZoomCtl.m */,
			);
			name = scrollViewLayout;
			sourceTree = "<group>";
		};
		FDBE2D841BE704C2004E375D /* Resource */ = {
			isa = PBXGroup;
			children = (
				FDBE2D851BE704E9004E375D /* UIColor+Random.h */,
				FDBE2D861BE704E9004E375D /* UIColor+Random.m */,
				FDBE2D871BE704E9004E375D /* WMResource.h */,
				FDBE2D881BE704E9004E375D /* WMResource.m */,
				FDBE2D891BE704E9004E375D /* NSFileManager+WMPlus.h */,
				FDBE2D8A1BE704E9004E375D /* NSFileManager+WMPlus.m */,
			);
			name = Resource;
			sourceTree = "<group>";
		};
		FDF9C44B1BF636BC005C38CC /* Component */ = {
			isa = PBXGroup;
			children = (
				FDA608F11C185DB1005F3543 /* FileManager */,
				FD5BD78B1C0FDFE0006BF1E8 /* NSTimer */,
				FD7AC0C11C0DE87200F40C7C /* WebView */,
				FD7AC0AB1C0D9C0400F40C7C /* Animation */,
				FDF9C44C1BF6370E005C38CC /* Quartz2D */,
			);
			name = Component;
			sourceTree = "<group>";
		};
		FDF9C44C1BF6370E005C38CC /* Quartz2D */ = {
			isa = PBXGroup;
			children = (
				FDF9C4511BF63904005C38CC /* MyQuartz2DCtl.h */,
				FDF9C4521BF63904005C38CC /* MyQuartz2DCtl.m */,
				FDF9C4541BF639C4005C38CC /* MyQuartz2DView.h */,
				FDF9C4551BF639C4005C38CC /* MyQuartz2DView.m */,
			);
			name = Quartz2D;
			sourceTree = "<group>";
		};
/* End PBXGroup section */

/* Begin PBXNativeTarget section */
		FDA0C24A1BE322280000CCC7 /* iosdemo */ = {
			isa = PBXNativeTarget;
			buildConfigurationList = FDA0C27B1BE322280000CCC7 /* Build configuration list for PBXNativeTarget "iosdemo" */;
			buildPhases = (
				FDA0C2471BE322280000CCC7 /* Sources */,
				FDA0C2481BE322280000CCC7 /* Frameworks */,
				FDA0C2491BE322280000CCC7 /* Resources */,
			);
			buildRules = (
			);
			dependencies = (
			);
			name = iosdemo;
			productName = iosdemo;
			productReference = FDA0C24B1BE322280000CCC7 /* iosdemo.app */;
			productType = "com.apple.product-type.application";
		};
		FDA0C2661BE322280000CCC7 /* iosdemoTests */ = {
			isa = PBXNativeTarget;
			buildConfigurationList = FDA0C27E1BE322280000CCC7 /* Build configuration list for PBXNativeTarget "iosdemoTests" */;
			buildPhases = (
				FDA0C2631BE322280000CCC7 /* Sources */,
				FDA0C2641BE322280000CCC7 /* Frameworks */,
				FDA0C2651BE322280000CCC7 /* Resources */,
			);
			buildRules = (
			);
			dependencies = (
				FDA0C2691BE322280000CCC7 /* PBXTargetDependency */,
			);
			name = iosdemoTests;
			productName = iosdemoTests;
			productReference = FDA0C2671BE322280000CCC7 /* iosdemoTests.xctest */;
			productType = "com.apple.product-type.bundle.unit-test";
		};
		FDA0C2711BE322280000CCC7 /* iosdemoUITests */ = {
			isa = PBXNativeTarget;
			buildConfigurationList = FDA0C2811BE322280000CCC7 /* Build configuration list for PBXNativeTarget "iosdemoUITests" */;
			buildPhases = (
				FDA0C26E1BE322280000CCC7 /* Sources */,
				FDA0C26F1BE322280000CCC7 /* Frameworks */,
				FDA0C2701BE322280000CCC7 /* Resources */,
			);
			buildRules = (
			);
			dependencies = (
				FDA0C2741BE322280000CCC7 /* PBXTargetDependency */,
			);
			name = iosdemoUITests;
			productName = iosdemoUITests;
			productReference = FDA0C2721BE322280000CCC7 /* iosdemoUITests.xctest */;
			productType = "com.apple.product-type.bundle.ui-testing";
		};
/* End PBXNativeTarget section */

/* Begin PBXProject section */
		FDA0C2431BE322280000CCC7 /* Project object */ = {
			isa = PBXProject;
			attributes = {
				LastUpgradeCheck = 0710;
				ORGANIZATIONNAME = wmios;
				TargetAttributes = {
					FDA0C24A1BE322280000CCC7 = {
						CreatedOnToolsVersion = 7.1;
						DevelopmentTeam = 7P9ZT7QMLM;
					};
					FDA0C2661BE322280000CCC7 = {
						CreatedOnToolsVersion = 7.1;
						DevelopmentTeam = 7P9ZT7QMLM;
						TestTargetID = FDA0C24A1BE322280000CCC7;
					};
					FDA0C2711BE322280000CCC7 = {
						CreatedOnToolsVersion = 7.1;
						DevelopmentTeam = 7P9ZT7QMLM;
						TestTargetID = FDA0C24A1BE322280000CCC7;
					};
				};
			};
			buildConfigurationList = FDA0C2461BE322280000CCC7 /* Build configuration list for PBXProject "iosdemo" */;
			compatibilityVersion = "Xcode 3.2";
			developmentRegion = English;
			hasScannedForEncodings = 0;
			knownRegions = (
				en,
				Base,
			);
			mainGroup = FDA0C2421BE322280000CCC7;
			productRefGroup = FDA0C24C1BE322280000CCC7 /* Products */;
			projectDirPath = "";
			projectRoot = "";
			targets = (
				FDA0C24A1BE322280000CCC7 /* iosdemo */,
				FDA0C2661BE322280000CCC7 /* iosdemoTests */,
				FDA0C2711BE322280000CCC7 /* iosdemoUITests */,
			);
		};
/* End PBXProject section */

/* Begin PBXResourcesBuildPhase section */
		FDA0C2491BE322280000CCC7 /* Resources */ = {
			isa = PBXResourcesBuildPhase;
			buildActionMask = 2147483647;
			files = (
				FD7AC0B31C0D9CAD00F40C7C /* MyAnimationXIB.xib in Resources */,
				FDA608F61C185DD6005F3543 /* MyFileManagerXIB.xib in Resources */,
				FDA0C2941BE36AF90000CCC7 /* MyCellView.xib in Resources */,
				FDEA2CC81BE8BE8B0052B498 /* ScrollViewLayoutXIB.xib in Resources */,
				FDA0C2611BE322280000CCC7 /* LaunchScreen.storyboard in Resources */,
				FDA0C25E1BE322280000CCC7 /* Assets.xcassets in Resources */,
				FD7AC0C01C0DE03300F40C7C /* MyLayerXIB.xib in Resources */,
				FD5BD78A1C0DE8B2006BF1E8 /* MyWebViewXIB.xib in Resources */,
				FD5BD7901C0FDFFC006BF1E8 /* MyTimerXIB.xib in Resources */,
				FDA0C2591BE322280000CCC7 /* Main.storyboard in Resources */,
				FD7AC0BA1C0DA59000F40C7C /* MyTransitionAnimXIB.xib in Resources */,
			);
			runOnlyForDeploymentPostprocessing = 0;
		};
		FDA0C2651BE322280000CCC7 /* Resources */ = {
			isa = PBXResourcesBuildPhase;
			buildActionMask = 2147483647;
			files = (
			);
			runOnlyForDeploymentPostprocessing = 0;
		};
		FDA0C2701BE322280000CCC7 /* Resources */ = {
			isa = PBXResourcesBuildPhase;
			buildActionMask = 2147483647;
			files = (
			);
			runOnlyForDeploymentPostprocessing = 0;
		};
/* End PBXResourcesBuildPhase section */

/* Begin PBXSourcesBuildPhase section */
		FDA0C2471BE322280000CCC7 /* Sources */ = {
			isa = PBXSourcesBuildPhase;
			buildActionMask = 2147483647;
			files = (
				FD7AC0A61C04316600F40C7C /* UIButton+AFNetworking.m in Sources */,
				FD7AC0891C042D9400F40C7C /* AFURLRequestSerialization.m in Sources */,
				FD5BD7891C0DE8B2006BF1E8 /* MyWebViewXIB.m in Sources */,
				FD7AC0881C042D9400F40C7C /* AFURLConnectionOperation.m in Sources */,
				FD7AC0B91C0DA59000F40C7C /* MyTransitionAnimXIB.m in Sources */,
				FDA0C2931BE36AF90000CCC7 /* MyCellView.m in Sources */,
				FD7AC0BF1C0DE03300F40C7C /* MyLayerXIB.m in Sources */,
				FD7AC0A81C04316600F40C7C /* UIProgressView+AFNetworking.m in Sources */,
				FDA0C2871BE356E00000CCC7 /* MainCtl.m in Sources */,
				FDA0C2971BE374B50000CCC7 /* OpenSourceCtl.m in Sources */,
				FD7AC0A91C04316600F40C7C /* UIRefreshControl+AFNetworking.m in Sources */,
				FD7AC08B1C042D9400F40C7C /* AFURLSessionManager.m in Sources */,
				FDA608F51C185DD6005F3543 /* MyFileManagerXIB.m in Sources */,
				FD7D69011BEAEE7C0033CD82 /* SlidePageView.m in Sources */,
				FDBE2D8D1BE704E9004E375D /* NSFileManager+WMPlus.m in Sources */,
				FDBE2D8C1BE704E9004E375D /* WMResource.m in Sources */,
				FD7AC0871C042D9400F40C7C /* AFSecurityPolicy.m in Sources */,
				FD7AC0831C042D9400F40C7C /* AFHTTPRequestOperation.m in Sources */,
				FD7AC0A31C04316600F40C7C /* AFNetworkActivityIndicatorManager.m in Sources */,
				FDBE2D921BE75B69004E375D /* TabBarCtl.m in Sources */,
				FD7AC08F1C042DDD00F40C7C /* AFNetworkingCtl.m in Sources */,
				FDBE2D8B1BE704E9004E375D /* UIColor+Random.m in Sources */,
				FD5BD78F1C0FDFFC006BF1E8 /* MyTimerXIB.m in Sources */,
				FD7AC0A51C04316600F40C7C /* UIAlertView+AFNetworking.m in Sources */,
				FDA0C25C1BE322280000CCC7 /* iosdemo.xcdatamodeld in Sources */,
				FD7D68FE1BEA32230033CD82 /* SlidePageViewCtl.m in Sources */,
				FDAB05B01BE90CCF00C317F9 /* ScrollViewZoomCtl.m in Sources */,
				FD7AC0851C042D9400F40C7C /* AFHTTPSessionManager.m in Sources */,
				FDEA2CC71BE8BE8B0052B498 /* ScrollViewLayoutXIB.m in Sources */,
				FDF9C4561BF639C4005C38CC /* MyQuartz2DView.m in Sources */,
				FDA0C28A1BE363AC0000CCC7 /* PrivateCtl.m in Sources */,
				FD7AC0841C042D9400F40C7C /* AFHTTPRequestOperationManager.m in Sources */,
				FD7AC0A71C04316600F40C7C /* UIImageView+AFNetworking.m in Sources */,
				FDA0C2531BE322280000CCC7 /* AppDelegate.m in Sources */,
				FDA0C2501BE322280000CCC7 /* main.m in Sources */,
				FDEA2CBE1BE8B2560052B498 /* ScrollViewLayoutCtl.m in Sources */,
				FDF9C4531BF63904005C38CC /* MyQuartz2DCtl.m in Sources */,
				FD7AC0861C042D9400F40C7C /* AFNetworkReachabilityManager.m in Sources */,
				FD7AC0B21C0D9CAD00F40C7C /* MyAnimationXIB.m in Sources */,
				FD7AC0AA1C04316600F40C7C /* UIWebView+AFNetworking.m in Sources */,
				FD7AC08A1C042D9400F40C7C /* AFURLResponseSerialization.m in Sources */,
				FD7AC0A41C04316600F40C7C /* UIActivityIndicatorView+AFNetworking.m in Sources */,
				FDF9C4501BF637D5005C38CC /* ComponentCtl.m in Sources */,
			);
			runOnlyForDeploymentPostprocessing = 0;
		};
		FDA0C2631BE322280000CCC7 /* Sources */ = {
			isa = PBXSourcesBuildPhase;
			buildActionMask = 2147483647;
			files = (
				FDA0C26C1BE322280000CCC7 /* iosdemoTests.m in Sources */,
			);
			runOnlyForDeploymentPostprocessing = 0;
		};
		FDA0C26E1BE322280000CCC7 /* Sources */ = {
			isa = PBXSourcesBuildPhase;
			buildActionMask = 2147483647;
			files = (
				FDA0C2771BE322280000CCC7 /* iosdemoUITests.m in Sources */,
			);
			runOnlyForDeploymentPostprocessing = 0;
		};
/* End PBXSourcesBuildPhase section */

/* Begin PBXTargetDependency section */
		FDA0C2691BE322280000CCC7 /* PBXTargetDependency */ = {
			isa = PBXTargetDependency;
			target = FDA0C24A1BE322280000CCC7 /* iosdemo */;
			targetProxy = FDA0C2681BE322280000CCC7 /* PBXContainerItemProxy */;
		};
		FDA0C2741BE322280000CCC7 /* PBXTargetDependency */ = {
			isa = PBXTargetDependency;
			target = FDA0C24A1BE322280000CCC7 /* iosdemo */;
			targetProxy = FDA0C2731BE322280000CCC7 /* PBXContainerItemProxy */;
		};
/* End PBXTargetDependency section */

/* Begin PBXVariantGroup section */
		FDA0C2571BE322280000CCC7 /* Main.storyboard */ = {
			isa = PBXVariantGroup;
			children = (
				FDA0C2581BE322280000CCC7 /* Base */,
			);
			name = Main.storyboard;
			sourceTree = "<group>";
		};
		FDA0C25F1BE322280000CCC7 /* LaunchScreen.storyboard */ = {
			isa = PBXVariantGroup;
			children = (
				FDA0C2601BE322280000CCC7 /* Base */,
			);
			name = LaunchScreen.storyboard;
			sourceTree = "<group>";
		};
/* End PBXVariantGroup section */

/* Begin XCBuildConfiguration section */
		FDA0C2791BE322280000CCC7 /* Debug */ = {
			isa = XCBuildConfiguration;
			buildSettings = {
				ALWAYS_SEARCH_USER_PATHS = NO;
				CLANG_CXX_LANGUAGE_STANDARD = "gnu++0x";
				CLANG_CXX_LIBRARY = "libc++";
				CLANG_ENABLE_MODULES = YES;
				CLANG_ENABLE_OBJC_ARC = YES;
				CLANG_WARN_BOOL_CONVERSION = YES;
				CLANG_WARN_CONSTANT_CONVERSION = YES;
				CLANG_WARN_DIRECT_OBJC_ISA_USAGE = YES_ERROR;
				CLANG_WARN_EMPTY_BODY = YES;
				CLANG_WARN_ENUM_CONVERSION = YES;
				CLANG_WARN_INT_CONVERSION = YES;
				CLANG_WARN_OBJC_ROOT_CLASS = YES_ERROR;
				CLANG_WARN_UNREACHABLE_CODE = YES;
				CLANG_WARN__DUPLICATE_METHOD_MATCH = YES;
				"CODE_SIGN_IDENTITY[sdk=iphoneos*]" = "iPhone Developer";
				COPY_PHASE_STRIP = NO;
				DEBUG_INFORMATION_FORMAT = dwarf;
				ENABLE_STRICT_OBJC_MSGSEND = YES;
				ENABLE_TESTABILITY = YES;
				GCC_C_LANGUAGE_STANDARD = gnu99;
				GCC_DYNAMIC_NO_PIC = NO;
				GCC_NO_COMMON_BLOCKS = YES;
				GCC_OPTIMIZATION_LEVEL = 0;
				GCC_PREPROCESSOR_DEFINITIONS = (
					"DEBUG=1",
					"$(inherited)",
				);
				GCC_WARN_64_TO_32_BIT_CONVERSION = YES;
				GCC_WARN_ABOUT_RETURN_TYPE = YES_ERROR;
				GCC_WARN_UNDECLARED_SELECTOR = YES;
				GCC_WARN_UNINITIALIZED_AUTOS = YES_AGGRESSIVE;
				GCC_WARN_UNUSED_FUNCTION = YES;
				GCC_WARN_UNUSED_VARIABLE = YES;
				IPHONEOS_DEPLOYMENT_TARGET = 9.1;
				MTL_ENABLE_DEBUG_INFO = YES;
				ONLY_ACTIVE_ARCH = YES;
				SDKROOT = iphoneos;
				TARGETED_DEVICE_FAMILY = "1,2";
			};
			name = Debug;
		};
		FDA0C27A1BE322280000CCC7 /* Release */ = {
			isa = XCBuildConfiguration;
			buildSettings = {
				ALWAYS_SEARCH_USER_PATHS = NO;
				CLANG_CXX_LANGUAGE_STANDARD = "gnu++0x";
				CLANG_CXX_LIBRARY = "libc++";
				CLANG_ENABLE_MODULES = YES;
				CLANG_ENABLE_OBJC_ARC = YES;
				CLANG_WARN_BOOL_CONVERSION = YES;
				CLANG_WARN_CONSTANT_CONVERSION = YES;
				CLANG_WARN_DIRECT_OBJC_ISA_USAGE = YES_ERROR;
				CLANG_WARN_EMPTY_BODY = YES;
				CLANG_WARN_ENUM_CONVERSION = YES;
				CLANG_WARN_INT_CONVERSION = YES;
				CLANG_WARN_OBJC_ROOT_CLASS = YES_ERROR;
				CLANG_WARN_UNREACHABLE_CODE = YES;
				CLANG_WARN__DUPLICATE_METHOD_MATCH = YES;
				"CODE_SIGN_IDENTITY[sdk=iphoneos*]" = "iPhone Developer";
				COPY_PHASE_STRIP = NO;
				DEBUG_INFORMATION_FORMAT = "dwarf-with-dsym";
				ENABLE_NS_ASSERTIONS = NO;
				ENABLE_STRICT_OBJC_MSGSEND = YES;
				GCC_C_LANGUAGE_STANDARD = gnu99;
				GCC_NO_COMMON_BLOCKS = YES;
				GCC_WARN_64_TO_32_BIT_CONVERSION = YES;
				GCC_WARN_ABOUT_RETURN_TYPE = YES_ERROR;
				GCC_WARN_UNDECLARED_SELECTOR = YES;
				GCC_WARN_UNINITIALIZED_AUTOS = YES_AGGRESSIVE;
				GCC_WARN_UNUSED_FUNCTION = YES;
				GCC_WARN_UNUSED_VARIABLE = YES;
				IPHONEOS_DEPLOYMENT_TARGET = 9.1;
				MTL_ENABLE_DEBUG_INFO = NO;
				SDKROOT = iphoneos;
				TARGETED_DEVICE_FAMILY = "1,2";
				VALIDATE_PRODUCT = YES;
			};
			name = Release;
		};
		FDA0C27C1BE322280000CCC7 /* Debug */ = {
			isa = XCBuildConfiguration;
			buildSettings = {
				ASSETCATALOG_COMPILER_APPICON_NAME = AppIcon;
				CLANG_ENABLE_MODULES = YES;
				INFOPLIST_FILE = iosdemo/Info.plist;
				LD_RUNPATH_SEARCH_PATHS = "$(inherited) @executable_path/Frameworks";
				PRODUCT_BUNDLE_IDENTIFIER = com.wmios.iosdemo;
				PRODUCT_NAME = "$(TARGET_NAME)";
				SWIFT_OBJC_BRIDGING_HEADER = "iosdemo/iosdemo-Bridging-Header.h";
				SWIFT_OPTIMIZATION_LEVEL = "-Onone";
			};
			name = Debug;
		};
		FDA0C27D1BE322280000CCC7 /* Release */ = {
			isa = XCBuildConfiguration;
			buildSettings = {
				ASSETCATALOG_COMPILER_APPICON_NAME = AppIcon;
				CLANG_ENABLE_MODULES = YES;
				INFOPLIST_FILE = iosdemo/Info.plist;
				LD_RUNPATH_SEARCH_PATHS = "$(inherited) @executable_path/Frameworks";
				PRODUCT_BUNDLE_IDENTIFIER = com.wmios.iosdemo;
				PRODUCT_NAME = "$(TARGET_NAME)";
				SWIFT_OBJC_BRIDGING_HEADER = "iosdemo/iosdemo-Bridging-Header.h";
			};
			name = Release;
		};
		FDA0C27F1BE322280000CCC7 /* Debug */ = {
			isa = XCBuildConfiguration;
			buildSettings = {
				BUNDLE_LOADER = "$(TEST_HOST)";
				INFOPLIST_FILE = iosdemoTests/Info.plist;
				LD_RUNPATH_SEARCH_PATHS = "$(inherited) @executable_path/Frameworks @loader_path/Frameworks";
				PRODUCT_BUNDLE_IDENTIFIER = com.wmios.iosdemoTests;
				PRODUCT_NAME = "$(TARGET_NAME)";
				TEST_HOST = "$(BUILT_PRODUCTS_DIR)/iosdemo.app/iosdemo";
			};
			name = Debug;
		};
		FDA0C2801BE322280000CCC7 /* Release */ = {
			isa = XCBuildConfiguration;
			buildSettings = {
				BUNDLE_LOADER = "$(TEST_HOST)";
				INFOPLIST_FILE = iosdemoTests/Info.plist;
				LD_RUNPATH_SEARCH_PATHS = "$(inherited) @executable_path/Frameworks @loader_path/Frameworks";
				PRODUCT_BUNDLE_IDENTIFIER = com.wmios.iosdemoTests;
				PRODUCT_NAME = "$(TARGET_NAME)";
				TEST_HOST = "$(BUILT_PRODUCTS_DIR)/iosdemo.app/iosdemo";
			};
			name = Release;
		};
		FDA0C2821BE322280000CCC7 /* Debug */ = {
			isa = XCBuildConfiguration;
			buildSettings = {
				INFOPLIST_FILE = iosdemoUITests/Info.plist;
				LD_RUNPATH_SEARCH_PATHS = "$(inherited) @executable_path/Frameworks @loader_path/Frameworks";
				PRODUCT_BUNDLE_IDENTIFIER = com.wmios.iosdemoUITests;
				PRODUCT_NAME = "$(TARGET_NAME)";
				TEST_TARGET_NAME = iosdemo;
				USES_XCTRUNNER = YES;
			};
			name = Debug;
		};
		FDA0C2831BE322280000CCC7 /* Release */ = {
			isa = XCBuildConfiguration;
			buildSettings = {
				INFOPLIST_FILE = iosdemoUITests/Info.plist;
				LD_RUNPATH_SEARCH_PATHS = "$(inherited) @executable_path/Frameworks @loader_path/Frameworks";
				PRODUCT_BUNDLE_IDENTIFIER = com.wmios.iosdemoUITests;
				PRODUCT_NAME = "$(TARGET_NAME)";
				TEST_TARGET_NAME = iosdemo;
				USES_XCTRUNNER = YES;
			};
			name = Release;
		};
/* End XCBuildConfiguration section */

/* Begin XCConfigurationList section */
		FDA0C2461BE322280000CCC7 /* Build configuration list for PBXProject "iosdemo" */ = {
			isa = XCConfigurationList;
			buildConfigurations = (
				FDA0C2791BE322280000CCC7 /* Debug */,
				FDA0C27A1BE322280000CCC7 /* Release */,
			);
			defaultConfigurationIsVisible = 0;
			defaultConfigurationName = Release;
		};
		FDA0C27B1BE322280000CCC7 /* Build configuration list for PBXNativeTarget "iosdemo" */ = {
			isa = XCConfigurationList;
			buildConfigurations = (
				FDA0C27C1BE322280000CCC7 /* Debug */,
				FDA0C27D1BE322280000CCC7 /* Release */,
			);
			defaultConfigurationIsVisible = 0;
			defaultConfigurationName = Release;
		};
		FDA0C27E1BE322280000CCC7 /* Build configuration list for PBXNativeTarget "iosdemoTests" */ = {
			isa = XCConfigurationList;
			buildConfigurations = (
				FDA0C27F1BE322280000CCC7 /* Debug */,
				FDA0C2801BE322280000CCC7 /* Release */,
			);
			defaultConfigurationIsVisible = 0;
			defaultConfigurationName = Release;
		};
		FDA0C2811BE322280000CCC7 /* Build configuration list for PBXNativeTarget "iosdemoUITests" */ = {
			isa = XCConfigurationList;
			buildConfigurations = (
				FDA0C2821BE322280000CCC7 /* Debug */,
				FDA0C2831BE322280000CCC7 /* Release */,
			);
			defaultConfigurationIsVisible = 0;
			defaultConfigurationName = Release;
		};
/* End XCConfigurationList section */

/* Begin XCVersionGroup section */
		FDA0C25A1BE322280000CCC7 /* iosdemo.xcdatamodeld */ = {
			isa = XCVersionGroup;
			children = (
				FDA0C25B1BE322280000CCC7 /* iosdemo.xcdatamodel */,
			);
			currentVersion = FDA0C25B1BE322280000CCC7 /* iosdemo.xcdatamodel */;
			path = iosdemo.xcdatamodeld;
			sourceTree = "<group>";
			versionGroupType = wrapper.xcdatamodel;
		};
/* End XCVersionGroup section */
	};
	rootObject = FDA0C2431BE322280000CCC7 /* Project object */;
}
